
Microsoft Visual Studio Solution File, Format Version 12.00
# Visual Studio Version 17
VisualStudioVersion = 17.7.34031.279
MinimumVisualStudioVersion = 10.0.40219.1
Project("{FAE04EC0-301F-11D3-BF4B-00C04F79EFBC}") = "CPG88", "CPG88.csproj", "{8B6CE624-85BC-41D0-9D4C-F7138897449E}"
EndProject
Global
	GlobalSection(SolutionConfigurationPlatforms) = preSolution
		Debug|Any CPU = Debug|Any CPU
		Release|Any CPU = Release|Any CPU
	EndGlobalSection
	GlobalSection(ProjectConfigurationPlatforms) = postSolution
		{8B6CE624-85BC-41D0-9D4C-F7138897449E}.Debug|Any CPU.ActiveCfg = Debug|Any CPU
		{8B6CE624-85BC-41D0-9D4C-F7138897449E}.Debug|Any CPU.Build.0 = Debug|Any CPU
		{8B6CE624-85BC-41D0-9D4C-F7138897449E}.Release|Any CPU.ActiveCfg = Release|Any CPU
		{8B6CE624-85BC-41D0-9D4C-F7138897449E}.Release|Any CPU.Build.0 = Release|Any CPU
	EndGlobalSection
	GlobalSection(SolutionProperties) = preSolution
		HideSolutionNode = FALSE
	EndGlobalSection
	GlobalSection(ExtensibilityGlobals) = postSolution
		SolutionGuid = {7216DB63-A83F-476A-B79B-439F18827DF2}
	EndGlobalSection
EndGlobal
